
Microsoft Visual Studio Solution File, Format Version 12.00
# Visual Studio Version 17
VisualStudioVersion = 17.7.34031.279
MinimumVisualStudioVersion = 10.0.40219.1
Project("{FAE04EC0-301F-11D3-BF4B-00C04F79EFBC}") = "EduBase", "EduBase.csproj", "{6801B67D-A44F-4449-9F56-EA9844F8FD6F}"
EndProject
Global
	GlobalSection(SolutionConfigurationPlatforms) = preSolution
		Debug|Any CPU = Debug|Any CPU
		Release|Any CPU = Release|Any CPU
	EndGlobalSection
	GlobalSection(ProjectConfigurationPlatforms) = postSolution
		{6801B67D-A44F-4449-9F56-EA9844F8FD6F}.Debug|Any CPU.ActiveCfg = Debug|Any CPU
		{6801B67D-A44F-4449-9F56-EA9844F8FD6F}.Debug|Any CPU.Build.0 = Debug|Any CPU
		{6801B67D-A44F-4449-9F56-EA9844F8FD6F}.Release|Any CPU.ActiveCfg = Release|Any CPU
		{6801B67D-A44F-4449-9F56-EA9844F8FD6F}.Release|Any CPU.Build.0 = Release|Any CPU
	EndGlobalSection
	GlobalSection(SolutionProperties) = preSolution
		HideSolutionNode = FALSE
	EndGlobalSection
	GlobalSection(ExtensibilityGlobals) = postSolution
		SolutionGuid = {A4612810-1845-4E44-90A6-0BFC018DF9AC}
	EndGlobalSection
EndGlobal
